
Microsoft Visual Studio Solution File, Format Version 12.00
# Visual Studio Version 16
VisualStudioVersion = 16.0.29911.84
MinimumVisualStudioVersion = 10.0.40219.1
Project("{FAE04EC0-301F-11D3-BF4B-00C04F79EFBC}") = "ThirdLaboratory", "ThirdLaboratory.csproj", "{F7F6CC84-6EF7-4E6D-9B9B-6D3FC367818D}"
EndProject
Project("{FAE04EC0-301F-11D3-BF4B-00C04F79EFBC}") = "Footwear", "Plugins\Footwear\Footwear.csproj", "{A5F3400E-79EE-49C3-8C86-2A0C0875D6F2}"
EndProject
Project("{FAE04EC0-301F-11D3-BF4B-00C04F79EFBC}") = "EncryptionPlugin", "Plugins\EncryptionPlugin\EncryptionPlugin.csproj", "{EA30ED47-82CA-40F2-8785-8E9B4EDC3C03}"
EndProject
Global
	GlobalSection(SolutionConfigurationPlatforms) = preSolution
		Debug|Any CPU = Debug|Any CPU
		Release|Any CPU = Release|Any CPU
	EndGlobalSection
	GlobalSection(ProjectConfigurationPlatforms) = postSolution
		{F7F6CC84-6EF7-4E6D-9B9B-6D3FC367818D}.Debug|Any CPU.ActiveCfg = Debug|Any CPU
		{F7F6CC84-6EF7-4E6D-9B9B-6D3FC367818D}.Debug|Any CPU.Build.0 = Debug|Any CPU
		{F7F6CC84-6EF7-4E6D-9B9B-6D3FC367818D}.Release|Any CPU.ActiveCfg = Release|Any CPU
		{F7F6CC84-6EF7-4E6D-9B9B-6D3FC367818D}.Release|Any CPU.Build.0 = Release|Any CPU
		{A5F3400E-79EE-49C3-8C86-2A0C0875D6F2}.Debug|Any CPU.ActiveCfg = Debug|Any CPU
		{A5F3400E-79EE-49C3-8C86-2A0C0875D6F2}.Debug|Any CPU.Build.0 = Debug|Any CPU
		{A5F3400E-79EE-49C3-8C86-2A0C0875D6F2}.Release|Any CPU.ActiveCfg = Release|Any CPU
		{A5F3400E-79EE-49C3-8C86-2A0C0875D6F2}.Release|Any CPU.Build.0 = Release|Any CPU
		{EA30ED47-82CA-40F2-8785-8E9B4EDC3C03}.Debug|Any CPU.ActiveCfg = Debug|Any CPU
		{EA30ED47-82CA-40F2-8785-8E9B4EDC3C03}.Debug|Any CPU.Build.0 = Debug|Any CPU
		{EA30ED47-82CA-40F2-8785-8E9B4EDC3C03}.Release|Any CPU.ActiveCfg = Release|Any CPU
		{EA30ED47-82CA-40F2-8785-8E9B4EDC3C03}.Release|Any CPU.Build.0 = Release|Any CPU
	EndGlobalSection
	GlobalSection(SolutionProperties) = preSolution
		HideSolutionNode = FALSE
	EndGlobalSection
	GlobalSection(ExtensibilityGlobals) = postSolution
		SolutionGuid = {CE6EB6A3-172C-479F-A617-351E87ADB36A}
	EndGlobalSection
EndGlobal
